
Microsoft Visual Studio Solution File, Format Version 12.00
# Visual Studio 2012
Project("{FAE04EC0-301F-11D3-BF4B-00C04F79EFBC}") = "StringExample", "StringExample\StringExample.csproj", "{40B40A53-8BBF-4169-AC24-878567C80330}"
EndProject
Global
	GlobalSection(SolutionConfigurationPlatforms) = preSolution
		Debug|Any CPU = Debug|Any CPU
		Release|Any CPU = Release|Any CPU
	EndGlobalSection
	GlobalSection(ProjectConfigurationPlatforms) = postSolution
		{40B40A53-8BBF-4169-AC24-878567C80330}.Debug|Any CPU.ActiveCfg = Debug|Any CPU
		{40B40A53-8BBF-4169-AC24-878567C80330}.Debug|Any CPU.Build.0 = Debug|Any CPU
		{40B40A53-8BBF-4169-AC24-878567C80330}.Release|Any CPU.ActiveCfg = Release|Any CPU
		{40B40A53-8BBF-4169-AC24-878567C80330}.Release|Any CPU.Build.0 = Release|Any CPU
	EndGlobalSection
	GlobalSection(SolutionProperties) = preSolution
		HideSolutionNode = FALSE
	EndGlobalSection
EndGlobal
